
Microsoft Visual Studio Solution File, Format Version 12.00
# Visual Studio Version 16
VisualStudioVersion = 16.0.29911.84
MinimumVisualStudioVersion = 10.0.40219.1
Project("{9A19103F-16F7-4668-BE54-9A1E7A4F7556}") = "01.ExcellentResult", "ExcellentResult\01.ExcellentResult.csproj", "{BD09C209-69AF-444D-A30E-728A6854B832}"
EndProject
Project("{9A19103F-16F7-4668-BE54-9A1E7A4F7556}") = "02.GreaterNumber", "GreaterNumber\02.GreaterNumber.csproj", "{C9C3BF21-70CA-42AB-896C-2C27F37B56A4}"
EndProject
Project("{9A19103F-16F7-4668-BE54-9A1E7A4F7556}") = "03.EvenOrOdd", "EvenOrOdd\03.EvenOrOdd.csproj", "{898B27C1-6358-4955-9D4E-D1B47878025E}"
EndProject
Project("{9A19103F-16F7-4668-BE54-9A1E7A4F7556}") = "04.Number1-9toText", "Number1-9toText\04.Number1-9toText.csproj", "{DEFC3B0E-7289-4EA8-9F50-3A7D8135E0A9}"
EndProject
Project("{9A19103F-16F7-4668-BE54-9A1E7A4F7556}") = "05.Number100-200", "Number100-200\05.Number100-200.csproj", "{B46ACFDF-2703-418E-9AF1-429E38F02F5C}"
EndProject
Project("{9A19103F-16F7-4668-BE54-9A1E7A4F7556}") = "06.PasswordGuess", "PasswordGuess\06.PasswordGuess.csproj", "{12F1622D-7F62-4F8A-8DEC-04121EC691D3}"
EndProject
Project("{9A19103F-16F7-4668-BE54-9A1E7A4F7556}") = "07.AreaOfFigures", "AreaOfFigures\07.AreaOfFigures.csproj", "{31D25B03-5041-42E6-8A0C-327DCB129BF2}"
EndProject
Project("{9A19103F-16F7-4668-BE54-9A1E7A4F7556}") = "08.ToyShop", "ToyShop\08.ToyShop.csproj", "{18559D3A-C80A-4DC0-BEC4-40CE378882E9}"
EndProject
Project("{2150E333-8FDC-42A3-9474-1A3956D46DE8}") = "Docs", "Docs", "{C6229CDD-0BE2-4E8C-B5B5-26CDD2AEDDE4}"
	ProjectSection(SolutionItems) = preProject
		..\..\..\Downloads\03.3 PB-CSharp-Conditional-Statements-Lab.docx = ..\..\..\Downloads\03.3 PB-CSharp-Conditional-Statements-Lab.docx
		..\..\..\Downloads\03.3 PB-CSharp-Nested-Conditional-Statements-Lab.docx = ..\..\..\Downloads\03.3 PB-CSharp-Nested-Conditional-Statements-Lab.docx
		..\..\..\Downloads\03.4 PB-CSharp-Conditional-Statements-Exercise.docx = ..\..\..\Downloads\03.4 PB-CSharp-Conditional-Statements-Exercise.docx
		..\..\..\Downloads\03.4 PB-CSharp-Nested-Conditional-Statements-Еxercise.docx = ..\..\..\Downloads\03.4 PB-CSharp-Nested-Conditional-Statements-Еxercise.docx
		..\..\..\Downloads\05.3 PB-CSharp-For-Loop-Lab.docx = ..\..\..\Downloads\05.3 PB-CSharp-For-Loop-Lab.docx
		..\..\..\Downloads\05.4 PB-CSharp-For-Loop-Exercise.docx = ..\..\..\Downloads\05.4 PB-CSharp-For-Loop-Exercise.docx
		..\..\..\Downloads\06.3 PB-CSharp-While-Loop-Lab.docx = ..\..\..\Downloads\06.3 PB-CSharp-While-Loop-Lab.docx
	EndProjectSection
EndProject
Project("{9A19103F-16F7-4668-BE54-9A1E7A4F7556}") = "01.SumSeconds", "SumSeconds\01.SumSeconds.csproj", "{40714736-48E2-4FA4-A5EB-A36629C3569A}"
EndProject
Project("{9A19103F-16F7-4668-BE54-9A1E7A4F7556}") = "02.BonusScore", "BonusScore\02.BonusScore.csproj", "{B59A2FAE-FA7A-40BC-95B3-4021C232BCBA}"
EndProject
Project("{9A19103F-16F7-4668-BE54-9A1E7A4F7556}") = "03.SpeedInfo", "SpeedInfo\03.SpeedInfo.csproj", "{94EACD5C-CDF5-4C63-858F-B0731E487770}"
EndProject
Project("{9A19103F-16F7-4668-BE54-9A1E7A4F7556}") = "04.MetricConverter", "MetricConverter\04.MetricConverter.csproj", "{1636B225-1870-4674-B052-95D0730DB66C}"
EndProject
Project("{9A19103F-16F7-4668-BE54-9A1E7A4F7556}") = "05.Time+15Minutes", "Time+15Minutes\05.Time+15Minutes.csproj", "{C7296821-2531-4D7E-9E35-87D15B83E90E}"
EndProject
Project("{9A19103F-16F7-4668-BE54-9A1E7A4F7556}") = "06.GodzillaVs.Kong", "GodzillaVs.Kong\06.GodzillaVs.Kong.csproj", "{957AA943-7CF1-4596-930E-6DC03BB1FBBB}"
EndProject
Project("{9A19103F-16F7-4668-BE54-9A1E7A4F7556}") = "07.WorldSwimmingRecord", "WorldSwimmingRecord\07.WorldSwimmingRecord.csproj", "{F3E7412F-B2AD-41C9-B8BE-8F0DDF158710}"
EndProject
Project("{9A19103F-16F7-4668-BE54-9A1E7A4F7556}") = "08.Scholarship", "Scholarship\08.Scholarship.csproj", "{63D3DD3B-F27B-4170-8BAD-06675DCAC4F4}"
EndProject
Project("{2150E333-8FDC-42A3-9474-1A3956D46DE8}") = "Exercise08", "Exercise08", "{1B6F1895-606A-49C6-B8A2-D5B67668FA77}"
EndProject
Project("{2150E333-8FDC-42A3-9474-1A3956D46DE8}") = "Exercise07", "Exercise07", "{4B255682-ACFA-47E6-B00B-DB585D6FF3E2}"
EndProject
Project("{2150E333-8FDC-42A3-9474-1A3956D46DE8}") = "Exercise10", "Exercise10", "{1D9F296D-2DD8-4C25-95DE-CB14F46A77A1}"
EndProject
Project("{9A19103F-16F7-4668-BE54-9A1E7A4F7556}") = "01.DayOfWeek", "DayOfWeek\01.DayOfWeek.csproj", "{73481037-A4CD-452A-8F05-684502C3EC51}"
EndProject
Project("{9A19103F-16F7-4668-BE54-9A1E7A4F7556}") = "02.AnimalType", "AnimalType\02.AnimalType.csproj", "{DDD241B1-23F8-4A23-AF3E-95A136DCB19A}"
EndProject
Project("{9A19103F-16F7-4668-BE54-9A1E7A4F7556}") = "03.PersonalTitles", "PersonalTitles\03.PersonalTitles.csproj", "{D65D49E1-43F6-4741-B609-D21E54775E18}"
EndProject
Project("{9A19103F-16F7-4668-BE54-9A1E7A4F7556}") = "04.SmallShop", "SmallShop\04.SmallShop.csproj", "{D24902D9-2C86-490C-8DE3-176144AB2D96}"
EndProject
Project("{9A19103F-16F7-4668-BE54-9A1E7A4F7556}") = "05.NumberInRange", "NumberInRange\05.NumberInRange.csproj", "{3225B71C-B004-4D39-BA82-C260ABD8BCCA}"
EndProject
Project("{9A19103F-16F7-4668-BE54-9A1E7A4F7556}") = "06.FruitOrVegetable", "FruitOrVegetable\06.FruitOrVegetable.csproj", "{4878D9AD-008E-4DC0-BADA-F68A401BA0E7}"
EndProject
Project("{9A19103F-16F7-4668-BE54-9A1E7A4F7556}") = "07.InvalidNumber", "InvalidNumber\07.InvalidNumber.csproj", "{3467FCFE-7B58-4AFF-A18F-9591ECF34263}"
EndProject
Project("{9A19103F-16F7-4668-BE54-9A1E7A4F7556}") = "08.FruitShop", "FruitShop\08.FruitShop.csproj", "{8F448E83-68ED-470C-89BA-22D23D77E2F0}"
EndProject
Project("{9A19103F-16F7-4668-BE54-9A1E7A4F7556}") = "09.TradeCommissions", "TradeCommissions\09.TradeCommissions.csproj", "{D4732ED8-F24D-400E-B2E5-C45E7C8C6A17}"
EndProject
Project("{9A19103F-16F7-4668-BE54-9A1E7A4F7556}") = "10.SkiTrip", "SkiTrip\10.SkiTrip.csproj", "{68FB452A-0AF4-4752-B422-A4120D23D996}"
EndProject
Project("{9A19103F-16F7-4668-BE54-9A1E7A4F7556}") = "01.PointОnRectangleBorder", "PointОnRectangleBorder\01.PointОnRectangleBorder.csproj", "{F1506732-8DD4-41C4-A14E-1947021ACB43}"
EndProject
Project("{9A19103F-16F7-4668-BE54-9A1E7A4F7556}") = "02.Cinema", "Cinema\02.Cinema.csproj", "{C9F97377-723C-48C1-8B32-98ED197D2065}"
EndProject
Project("{9A19103F-16F7-4668-BE54-9A1E7A4F7556}") = "03.SummerOutfit", "SummerOutfit\03.SummerOutfit.csproj", "{2A25BE57-BFC3-4159-BE11-477ED874D78B}"
EndProject
Project("{9A19103F-16F7-4668-BE54-9A1E7A4F7556}") = "04.NewHouse", "NewHouse\04.NewHouse.csproj", "{7BB984AE-8807-4EEB-92D9-9F71ECCD5D1C}"
EndProject
Project("{9A19103F-16F7-4668-BE54-9A1E7A4F7556}") = "05.FishingBoat", "FishingBoat\05.FishingBoat.csproj", "{906455F2-7533-4A76-BAD7-5967C9722EEF}"
EndProject
Project("{9A19103F-16F7-4668-BE54-9A1E7A4F7556}") = "06.Journey", "Journey\06.Journey.csproj", "{BD0E77E1-E30F-476B-ABD8-2A3A09D95FD4}"
EndProject
Project("{9A19103F-16F7-4668-BE54-9A1E7A4F7556}") = "07.OperationsBetweenNumbers", "OperationsBetweenNumbers\07.OperationsBetweenNumbers.csproj", "{F7F86FA9-ACE5-40E2-9C41-056E0C68F1DE}"
EndProject
Project("{9A19103F-16F7-4668-BE54-9A1E7A4F7556}") = "08.HotelRoom", "HotelRoom\08.HotelRoom.csproj", "{0F191F21-4F53-4FBA-B5A8-6F90185BB0B3}"
EndProject
Project("{9A19103F-16F7-4668-BE54-9A1E7A4F7556}") = "09.OnTimeForTheExam", "OnTimeForTheExam\09.OnTimeForTheExam.csproj", "{9535832D-A972-41DB-AF5E-98AD7304342F}"
EndProject
Project("{9A19103F-16F7-4668-BE54-9A1E7A4F7556}") = "10.Volleyball", "Volleyball\10.Volleyball.csproj", "{A75460FD-2F3E-43FF-9758-B869EBFDE68D}"
EndProject
Project("{2150E333-8FDC-42A3-9474-1A3956D46DE8}") = "Exercise11", "Exercise11", "{96FA2727-7E4A-4A16-BBBD-F141FC286AC1}"
EndProject
Project("{FAE04EC0-301F-11D3-BF4B-00C04F79EFBC}") = "01.NumbersFrom1To100", "NumbersFrom1To100\01.NumbersFrom1To100.csproj", "{5DAA4862-FF78-4589-8A6C-C88CAF773567}"
EndProject
Project("{FAE04EC0-301F-11D3-BF4B-00C04F79EFBC}") = "02.NumbersNTo1", "NumbersNTo1\02.NumbersNTo1.csproj", "{A231770C-556F-4FD0-BC0C-F3D14B683825}"
EndProject
Project("{FAE04EC0-301F-11D3-BF4B-00C04F79EFBC}") = "03.Numbers1toNWithStep3", "Numbers1toNWithStep3\03.Numbers1toNWithStep3.csproj", "{97F5308D-F3B2-48A2-A73E-9F0D4A50C600}"
EndProject
Project("{FAE04EC0-301F-11D3-BF4B-00C04F79EFBC}") = "04.EvenPowersOf2", "EvenPowersOf2\04.EvenPowersOf2.csproj", "{CD22EE09-40D1-4C53-87AC-82626ADD7641}"
EndProject
Project("{FAE04EC0-301F-11D3-BF4B-00C04F79EFBC}") = "05.CharacterSequence", "CharacterSequence\05.CharacterSequence.csproj", "{4A125310-B156-471D-9CAA-AFFD24360B80}"
EndProject
Project("{FAE04EC0-301F-11D3-BF4B-00C04F79EFBC}") = "06.VowelsSum", "VowelsSum\06.VowelsSum.csproj", "{32C9B6F3-2418-4B75-ACC6-73A062C3F467}"
EndProject
Project("{FAE04EC0-301F-11D3-BF4B-00C04F79EFBC}") = "07.SumNumbers", "SumNumbers\07.SumNumbers.csproj", "{1106202E-5FEF-4B7D-BC97-3DB35B291451}"
EndProject
Project("{FAE04EC0-301F-11D3-BF4B-00C04F79EFBC}") = "08.NumberSequence", "NumberSequence\08.NumberSequence.csproj", "{A6831988-0C44-484F-B636-CD3E4E903554}"
EndProject
Project("{FAE04EC0-301F-11D3-BF4B-00C04F79EFBC}") = "09.LeftAndRightSum", "LeftAndRightSum\09.LeftAndRightSum.csproj", "{A897B9B1-742C-4DB6-8E8D-A1AEFE2A6619}"
EndProject
Project("{FAE04EC0-301F-11D3-BF4B-00C04F79EFBC}") = "10.OddEvenSum", "OddEvenSum\10.OddEvenSum.csproj", "{20978496-87F0-4839-8A3F-4D5B998DF586}"
EndProject
Project("{FAE04EC0-301F-11D3-BF4B-00C04F79EFBC}") = "11.CleverLily", "CleverLily\11.CleverLily.csproj", "{100F1EC3-B7E2-4183-AD94-4AE5D398F6D6}"
EndProject
Project("{2150E333-8FDC-42A3-9474-1A3956D46DE8}") = "Exercise12", "Exercise12", "{2C72D089-1379-4741-903F-7AFC38A21363}"
EndProject
Project("{FAE04EC0-301F-11D3-BF4B-00C04F79EFBC}") = "01.NumbersEndingIn7", "NumbersEndingIn7\01.NumbersEndingIn7.csproj", "{8208CFB8-E920-4B1B-BB5C-5BEC4AD0D779}"
EndProject
Project("{FAE04EC0-301F-11D3-BF4B-00C04F79EFBC}") = "02.HalfSumElement", "HalfSumElement\02.HalfSumElement.csproj", "{E51766EB-456B-4952-8DE7-9267723D8737}"
EndProject
Project("{FAE04EC0-301F-11D3-BF4B-00C04F79EFBC}") = "03.OddEvenPosition", "OddEvenPosition\03.OddEvenPosition.csproj", "{D1E1FD4B-4838-460C-BA0D-46FF96D2EF45}"
EndProject
Project("{FAE04EC0-301F-11D3-BF4B-00C04F79EFBC}") = "04.Histogram", "Histogram\04.Histogram.csproj", "{02DCD5BE-42B4-4655-8E50-C0A3F1A18E93}"
EndProject
Project("{FAE04EC0-301F-11D3-BF4B-00C04F79EFBC}") = "05.DivideWithoutRemainder", "DivideWithoutRemainder\05.DivideWithoutRemainder.csproj", "{A608AEA6-B3F1-4C7B-9BD7-0EC923D5DEC4}"
EndProject
Project("{FAE04EC0-301F-11D3-BF4B-00C04F79EFBC}") = "06.Salary", "Salary\06.Salary.csproj", "{B820C97D-6E2A-4D39-8177-E00B2CDC40DF}"
EndProject
Project("{2150E333-8FDC-42A3-9474-1A3956D46DE8}") = "Exercise13", "Exercise13", "{26E5ECD8-A740-4F54-AD5D-06D509641A56}"
EndProject
Project("{FAE04EC0-301F-11D3-BF4B-00C04F79EFBC}") = "01.ReadText", "ReadText\01.ReadText.csproj", "{3D4D9A4A-B4D9-481D-91CC-FE999CCC7F3B}"
EndProject
Project("{FAE04EC0-301F-11D3-BF4B-00C04F79EFBC}") = "02.Password", "Password\02.Password.csproj", "{E38BA831-2FEA-4CC4-B8D7-F17BB88321C4}"
EndProject
Project("{FAE04EC0-301F-11D3-BF4B-00C04F79EFBC}") = "03.SumNumbers1", "SumNumbers1\03.SumNumbers1.csproj", "{CA30C53D-8318-4359-AEF4-F78BD0C0162E}"
EndProject
Project("{FAE04EC0-301F-11D3-BF4B-00C04F79EFBC}") = "04.Sequence2k+1", "Sequence2k+1\04.Sequence2k+1.csproj", "{285AD44F-0652-4970-A2EB-BED956C504DC}"
EndProject
Project("{FAE04EC0-301F-11D3-BF4B-00C04F79EFBC}") = "05.AccountBalance", "AccountBalance\05.AccountBalance.csproj", "{7F218662-0CDD-41D1-9630-268541744F83}"
EndProject
Project("{FAE04EC0-301F-11D3-BF4B-00C04F79EFBC}") = "06.MaxNumber", "MaxNumber\06.MaxNumber.csproj", "{A9595B9D-0068-4619-9004-F66133312091}"
EndProject
Project("{FAE04EC0-301F-11D3-BF4B-00C04F79EFBC}") = "07.MinNumber", "MinNumber\07.MinNumber.csproj", "{E583F532-1691-4772-ACEC-DBBE8083268F}"
EndProject
Project("{FAE04EC0-301F-11D3-BF4B-00C04F79EFBC}") = "08.Graduation", "Graduation\08.Graduation.csproj", "{B590FFBE-0BE9-49A0-B536-04B37951CB5F}"
EndProject
Project("{FAE04EC0-301F-11D3-BF4B-00C04F79EFBC}") = "09.Graduation2", "Graduation2\09.Graduation2.csproj", "{F849137F-0D58-466E-9840-17371D7703A4}"
EndProject
Project("{FAE04EC0-301F-11D3-BF4B-00C04F79EFBC}") = "10.Moving", "Moving\10.Moving.csproj", "{D1030109-DC39-4C43-A3DB-D93B57A14F83}"
EndProject
Project("{2150E333-8FDC-42A3-9474-1A3956D46DE8}") = "Exercise14", "Exercise14", "{7B22860E-EF68-43D4-B5CB-5D475BFBA375}"
EndProject
Global
	GlobalSection(SolutionConfigurationPlatforms) = preSolution
		Debug|Any CPU = Debug|Any CPU
		Release|Any CPU = Release|Any CPU
	EndGlobalSection
	GlobalSection(ProjectConfigurationPlatforms) = postSolution
		{BD09C209-69AF-444D-A30E-728A6854B832}.Debug|Any CPU.ActiveCfg = Debug|Any CPU
		{BD09C209-69AF-444D-A30E-728A6854B832}.Debug|Any CPU.Build.0 = Debug|Any CPU
		{BD09C209-69AF-444D-A30E-728A6854B832}.Release|Any CPU.ActiveCfg = Release|Any CPU
		{BD09C209-69AF-444D-A30E-728A6854B832}.Release|Any CPU.Build.0 = Release|Any CPU
		{C9C3BF21-70CA-42AB-896C-2C27F37B56A4}.Debug|Any CPU.ActiveCfg = Debug|Any CPU
		{C9C3BF21-70CA-42AB-896C-2C27F37B56A4}.Debug|Any CPU.Build.0 = Debug|Any CPU
		{C9C3BF21-70CA-42AB-896C-2C27F37B56A4}.Release|Any CPU.ActiveCfg = Release|Any CPU
		{C9C3BF21-70CA-42AB-896C-2C27F37B56A4}.Release|Any CPU.Build.0 = Release|Any CPU
		{898B27C1-6358-4955-9D4E-D1B47878025E}.Debug|Any CPU.ActiveCfg = Debug|Any CPU
		{898B27C1-6358-4955-9D4E-D1B47878025E}.Debug|Any CPU.Build.0 = Debug|Any CPU
		{898B27C1-6358-4955-9D4E-D1B47878025E}.Release|Any CPU.ActiveCfg = Release|Any CPU
		{898B27C1-6358-4955-9D4E-D1B47878025E}.Release|Any CPU.Build.0 = Release|Any CPU
		{DEFC3B0E-7289-4EA8-9F50-3A7D8135E0A9}.Debug|Any CPU.ActiveCfg = Debug|Any CPU
		{DEFC3B0E-7289-4EA8-9F50-3A7D8135E0A9}.Debug|Any CPU.Build.0 = Debug|Any CPU
		{DEFC3B0E-7289-4EA8-9F50-3A7D8135E0A9}.Release|Any CPU.ActiveCfg = Release|Any CPU
		{DEFC3B0E-7289-4EA8-9F50-3A7D8135E0A9}.Release|Any CPU.Build.0 = Release|Any CPU
		{B46ACFDF-2703-418E-9AF1-429E38F02F5C}.Debug|Any CPU.ActiveCfg = Debug|Any CPU
		{B46ACFDF-2703-418E-9AF1-429E38F02F5C}.Debug|Any CPU.Build.0 = Debug|Any CPU
		{B46ACFDF-2703-418E-9AF1-429E38F02F5C}.Release|Any CPU.ActiveCfg = Release|Any CPU
		{B46ACFDF-2703-418E-9AF1-429E38F02F5C}.Release|Any CPU.Build.0 = Release|Any CPU
		{12F1622D-7F62-4F8A-8DEC-04121EC691D3}.Debug|Any CPU.ActiveCfg = Debug|Any CPU
		{12F1622D-7F62-4F8A-8DEC-04121EC691D3}.Debug|Any CPU.Build.0 = Debug|Any CPU
		{12F1622D-7F62-4F8A-8DEC-04121EC691D3}.Release|Any CPU.ActiveCfg = Release|Any CPU
		{12F1622D-7F62-4F8A-8DEC-04121EC691D3}.Release|Any CPU.Build.0 = Release|Any CPU
		{31D25B03-5041-42E6-8A0C-327DCB129BF2}.Debug|Any CPU.ActiveCfg = Debug|Any CPU
		{31D25B03-5041-42E6-8A0C-327DCB129BF2}.Debug|Any CPU.Build.0 = Debug|Any CPU
		{31D25B03-5041-42E6-8A0C-327DCB129BF2}.Release|Any CPU.ActiveCfg = Release|Any CPU
		{31D25B03-5041-42E6-8A0C-327DCB129BF2}.Release|Any CPU.Build.0 = Release|Any CPU
		{18559D3A-C80A-4DC0-BEC4-40CE378882E9}.Debug|Any CPU.ActiveCfg = Debug|Any CPU
		{18559D3A-C80A-4DC0-BEC4-40CE378882E9}.Debug|Any CPU.Build.0 = Debug|Any CPU
		{18559D3A-C80A-4DC0-BEC4-40CE378882E9}.Release|Any CPU.ActiveCfg = Release|Any CPU
		{18559D3A-C80A-4DC0-BEC4-40CE378882E9}.Release|Any CPU.Build.0 = Release|Any CPU
		{40714736-48E2-4FA4-A5EB-A36629C3569A}.Debug|Any CPU.ActiveCfg = Debug|Any CPU
		{40714736-48E2-4FA4-A5EB-A36629C3569A}.Debug|Any CPU.Build.0 = Debug|Any CPU
		{40714736-48E2-4FA4-A5EB-A36629C3569A}.Release|Any CPU.ActiveCfg = Release|Any CPU
		{40714736-48E2-4FA4-A5EB-A36629C3569A}.Release|Any CPU.Build.0 = Release|Any CPU
		{B59A2FAE-FA7A-40BC-95B3-4021C232BCBA}.Debug|Any CPU.ActiveCfg = Debug|Any CPU
		{B59A2FAE-FA7A-40BC-95B3-4021C232BCBA}.Debug|Any CPU.Build.0 = Debug|Any CPU
		{B59A2FAE-FA7A-40BC-95B3-4021C232BCBA}.Release|Any CPU.ActiveCfg = Release|Any CPU
		{B59A2FAE-FA7A-40BC-95B3-4021C232BCBA}.Release|Any CPU.Build.0 = Release|Any CPU
		{94EACD5C-CDF5-4C63-858F-B0731E487770}.Debug|Any CPU.ActiveCfg = Debug|Any CPU
		{94EACD5C-CDF5-4C63-858F-B0731E487770}.Debug|Any CPU.Build.0 = Debug|Any CPU
		{94EACD5C-CDF5-4C63-858F-B0731E487770}.Release|Any CPU.ActiveCfg = Release|Any CPU
		{94EACD5C-CDF5-4C63-858F-B0731E487770}.Release|Any CPU.Build.0 = Release|Any CPU
		{1636B225-1870-4674-B052-95D0730DB66C}.Debug|Any CPU.ActiveCfg = Debug|Any CPU
		{1636B225-1870-4674-B052-95D0730DB66C}.Debug|Any CPU.Build.0 = Debug|Any CPU
		{1636B225-1870-4674-B052-95D0730DB66C}.Release|Any CPU.ActiveCfg = Release|Any CPU
		{1636B225-1870-4674-B052-95D0730DB66C}.Release|Any CPU.Build.0 = Release|Any CPU
		{C7296821-2531-4D7E-9E35-87D15B83E90E}.Debug|Any CPU.ActiveCfg = Debug|Any CPU
		{C7296821-2531-4D7E-9E35-87D15B83E90E}.Debug|Any CPU.Build.0 = Debug|Any CPU
		{C7296821-2531-4D7E-9E35-87D15B83E90E}.Release|Any CPU.ActiveCfg = Release|Any CPU
		{C7296821-2531-4D7E-9E35-87D15B83E90E}.Release|Any CPU.Build.0 = Release|Any CPU
		{957AA943-7CF1-4596-930E-6DC03BB1FBBB}.Debug|Any CPU.ActiveCfg = Debug|Any CPU
		{957AA943-7CF1-4596-930E-6DC03BB1FBBB}.Debug|Any CPU.Build.0 = Debug|Any CPU
		{957AA943-7CF1-4596-930E-6DC03BB1FBBB}.Release|Any CPU.ActiveCfg = Release|Any CPU
		{957AA943-7CF1-4596-930E-6DC03BB1FBBB}.Release|Any CPU.Build.0 = Release|Any CPU
		{F3E7412F-B2AD-41C9-B8BE-8F0DDF158710}.Debug|Any CPU.ActiveCfg = Debug|Any CPU
		{F3E7412F-B2AD-41C9-B8BE-8F0DDF158710}.Debug|Any CPU.Build.0 = Debug|Any CPU
		{F3E7412F-B2AD-41C9-B8BE-8F0DDF158710}.Release|Any CPU.ActiveCfg = Release|Any CPU
		{F3E7412F-B2AD-41C9-B8BE-8F0DDF158710}.Release|Any CPU.Build.0 = Release|Any CPU
		{63D3DD3B-F27B-4170-8BAD-06675DCAC4F4}.Debug|Any CPU.ActiveCfg = Debug|Any CPU
		{63D3DD3B-F27B-4170-8BAD-06675DCAC4F4}.Debug|Any CPU.Build.0 = Debug|Any CPU
		{63D3DD3B-F27B-4170-8BAD-06675DCAC4F4}.Release|Any CPU.ActiveCfg = Release|Any CPU
		{63D3DD3B-F27B-4170-8BAD-06675DCAC4F4}.Release|Any CPU.Build.0 = Release|Any CPU
		{73481037-A4CD-452A-8F05-684502C3EC51}.Debug|Any CPU.ActiveCfg = Debug|Any CPU
		{73481037-A4CD-452A-8F05-684502C3EC51}.Debug|Any CPU.Build.0 = Debug|Any CPU
		{73481037-A4CD-452A-8F05-684502C3EC51}.Release|Any CPU.ActiveCfg = Release|Any CPU
		{73481037-A4CD-452A-8F05-684502C3EC51}.Release|Any CPU.Build.0 = Release|Any CPU
		{DDD241B1-23F8-4A23-AF3E-95A136DCB19A}.Debug|Any CPU.ActiveCfg = Debug|Any CPU
		{DDD241B1-23F8-4A23-AF3E-95A136DCB19A}.Debug|Any CPU.Build.0 = Debug|Any CPU
		{DDD241B1-23F8-4A23-AF3E-95A136DCB19A}.Release|Any CPU.ActiveCfg = Release|Any CPU
		{DDD241B1-23F8-4A23-AF3E-95A136DCB19A}.Release|Any CPU.Build.0 = Release|Any CPU
		{D65D49E1-43F6-4741-B609-D21E54775E18}.Debug|Any CPU.ActiveCfg = Debug|Any CPU
		{D65D49E1-43F6-4741-B609-D21E54775E18}.Debug|Any CPU.Build.0 = Debug|Any CPU
		{D65D49E1-43F6-4741-B609-D21E54775E18}.Release|Any CPU.ActiveCfg = Release|Any CPU
		{D65D49E1-43F6-4741-B609-D21E54775E18}.Release|Any CPU.Build.0 = Release|Any CPU
		{D24902D9-2C86-490C-8DE3-176144AB2D96}.Debug|Any CPU.ActiveCfg = Debug|Any CPU
		{D24902D9-2C86-490C-8DE3-176144AB2D96}.Debug|Any CPU.Build.0 = Debug|Any CPU
		{D24902D9-2C86-490C-8DE3-176144AB2D96}.Release|Any CPU.ActiveCfg = Release|Any CPU
		{D24902D9-2C86-490C-8DE3-176144AB2D96}.Release|Any CPU.Build.0 = Release|Any CPU
		{3225B71C-B004-4D39-BA82-C260ABD8BCCA}.Debug|Any CPU.ActiveCfg = Debug|Any CPU
		{3225B71C-B004-4D39-BA82-C260ABD8BCCA}.Debug|Any CPU.Build.0 = Debug|Any CPU
		{3225B71C-B004-4D39-BA82-C260ABD8BCCA}.Release|Any CPU.ActiveCfg = Release|Any CPU
		{3225B71C-B004-4D39-BA82-C260ABD8BCCA}.Release|Any CPU.Build.0 = Release|Any CPU
		{4878D9AD-008E-4DC0-BADA-F68A401BA0E7}.Debug|Any CPU.ActiveCfg = Debug|Any CPU
		{4878D9AD-008E-4DC0-BADA-F68A401BA0E7}.Debug|Any CPU.Build.0 = Debug|Any CPU
		{4878D9AD-008E-4DC0-BADA-F68A401BA0E7}.Release|Any CPU.ActiveCfg = Release|Any CPU
		{4878D9AD-008E-4DC0-BADA-F68A401BA0E7}.Release|Any CPU.Build.0 = Release|Any CPU
		{3467FCFE-7B58-4AFF-A18F-9591ECF34263}.Debug|Any CPU.ActiveCfg = Debug|Any CPU
		{3467FCFE-7B58-4AFF-A18F-9591ECF34263}.Debug|Any CPU.Build.0 = Debug|Any CPU
		{3467FCFE-7B58-4AFF-A18F-9591ECF34263}.Release|Any CPU.ActiveCfg = Release|Any CPU
		{3467FCFE-7B58-4AFF-A18F-9591ECF34263}.Release|Any CPU.Build.0 = Release|Any CPU
		{8F448E83-68ED-470C-89BA-22D23D77E2F0}.Debug|Any CPU.ActiveCfg = Debug|Any CPU
		{8F448E83-68ED-470C-89BA-22D23D77E2F0}.Debug|Any CPU.Build.0 = Debug|Any CPU
		{8F448E83-68ED-470C-89BA-22D23D77E2F0}.Release|Any CPU.ActiveCfg = Release|Any CPU
		{8F448E83-68ED-470C-89BA-22D23D77E2F0}.Release|Any CPU.Build.0 = Release|Any CPU
		{D4732ED8-F24D-400E-B2E5-C45E7C8C6A17}.Debug|Any CPU.ActiveCfg = Debug|Any CPU
		{D4732ED8-F24D-400E-B2E5-C45E7C8C6A17}.Debug|Any CPU.Build.0 = Debug|Any CPU
		{D4732ED8-F24D-400E-B2E5-C45E7C8C6A17}.Release|Any CPU.ActiveCfg = Release|Any CPU
		{D4732ED8-F24D-400E-B2E5-C45E7C8C6A17}.Release|Any CPU.Build.0 = Release|Any CPU
		{68FB452A-0AF4-4752-B422-A4120D23D996}.Debug|Any CPU.ActiveCfg = Debug|Any CPU
		{68FB452A-0AF4-4752-B422-A4120D23D996}.Debug|Any CPU.Build.0 = Debug|Any CPU
		{68FB452A-0AF4-4752-B422-A4120D23D996}.Release|Any CPU.ActiveCfg = Release|Any CPU
		{68FB452A-0AF4-4752-B422-A4120D23D996}.Release|Any CPU.Build.0 = Release|Any CPU
		{F1506732-8DD4-41C4-A14E-1947021ACB43}.Debug|Any CPU.ActiveCfg = Debug|Any CPU
		{F1506732-8DD4-41C4-A14E-1947021ACB43}.Debug|Any CPU.Build.0 = Debug|Any CPU
		{F1506732-8DD4-41C4-A14E-1947021ACB43}.Release|Any CPU.ActiveCfg = Release|Any CPU
		{F1506732-8DD4-41C4-A14E-1947021ACB43}.Release|Any CPU.Build.0 = Release|Any CPU
		{C9F97377-723C-48C1-8B32-98ED197D2065}.Debug|Any CPU.ActiveCfg = Debug|Any CPU
		{C9F97377-723C-48C1-8B32-98ED197D2065}.Debug|Any CPU.Build.0 = Debug|Any CPU
		{C9F97377-723C-48C1-8B32-98ED197D2065}.Release|Any CPU.ActiveCfg = Release|Any CPU
		{C9F97377-723C-48C1-8B32-98ED197D2065}.Release|Any CPU.Build.0 = Release|Any CPU
		{2A25BE57-BFC3-4159-BE11-477ED874D78B}.Debug|Any CPU.ActiveCfg = Debug|Any CPU
		{2A25BE57-BFC3-4159-BE11-477ED874D78B}.Debug|Any CPU.Build.0 = Debug|Any CPU
		{2A25BE57-BFC3-4159-BE11-477ED874D78B}.Release|Any CPU.ActiveCfg = Release|Any CPU
		{2A25BE57-BFC3-4159-BE11-477ED874D78B}.Release|Any CPU.Build.0 = Release|Any CPU
		{7BB984AE-8807-4EEB-92D9-9F71ECCD5D1C}.Debug|Any CPU.ActiveCfg = Debug|Any CPU
		{7BB984AE-8807-4EEB-92D9-9F71ECCD5D1C}.Debug|Any CPU.Build.0 = Debug|Any CPU
		{7BB984AE-8807-4EEB-92D9-9F71ECCD5D1C}.Release|Any CPU.ActiveCfg = Release|Any CPU
		{7BB984AE-8807-4EEB-92D9-9F71ECCD5D1C}.Release|Any CPU.Build.0 = Release|Any CPU
		{906455F2-7533-4A76-BAD7-5967C9722EEF}.Debug|Any CPU.ActiveCfg = Debug|Any CPU
		{906455F2-7533-4A76-BAD7-5967C9722EEF}.Debug|Any CPU.Build.0 = Debug|Any CPU
		{906455F2-7533-4A76-BAD7-5967C9722EEF}.Release|Any CPU.ActiveCfg = Release|Any CPU
		{906455F2-7533-4A76-BAD7-5967C9722EEF}.Release|Any CPU.Build.0 = Release|Any CPU
		{BD0E77E1-E30F-476B-ABD8-2A3A09D95FD4}.Debug|Any CPU.ActiveCfg = Debug|Any CPU
		{BD0E77E1-E30F-476B-ABD8-2A3A09D95FD4}.Debug|Any CPU.Build.0 = Debug|Any CPU
		{BD0E77E1-E30F-476B-ABD8-2A3A09D95FD4}.Release|Any CPU.ActiveCfg = Release|Any CPU
		{BD0E77E1-E30F-476B-ABD8-2A3A09D95FD4}.Release|Any CPU.Build.0 = Release|Any CPU
		{F7F86FA9-ACE5-40E2-9C41-056E0C68F1DE}.Debug|Any CPU.ActiveCfg = Debug|Any CPU
		{F7F86FA9-ACE5-40E2-9C41-056E0C68F1DE}.Debug|Any CPU.Build.0 = Debug|Any CPU
		{F7F86FA9-ACE5-40E2-9C41-056E0C68F1DE}.Release|Any CPU.ActiveCfg = Release|Any CPU
		{F7F86FA9-ACE5-40E2-9C41-056E0C68F1DE}.Release|Any CPU.Build.0 = Release|Any CPU
		{0F191F21-4F53-4FBA-B5A8-6F90185BB0B3}.Debug|Any CPU.ActiveCfg = Debug|Any CPU
		{0F191F21-4F53-4FBA-B5A8-6F90185BB0B3}.Debug|Any CPU.Build.0 = Debug|Any CPU
		{0F191F21-4F53-4FBA-B5A8-6F90185BB0B3}.Release|Any CPU.ActiveCfg = Release|Any CPU
		{0F191F21-4F53-4FBA-B5A8-6F90185BB0B3}.Release|Any CPU.Build.0 = Release|Any CPU
		{9535832D-A972-41DB-AF5E-98AD7304342F}.Debug|Any CPU.ActiveCfg = Debug|Any CPU
		{9535832D-A972-41DB-AF5E-98AD7304342F}.Debug|Any CPU.Build.0 = Debug|Any CPU
		{9535832D-A972-41DB-AF5E-98AD7304342F}.Release|Any CPU.ActiveCfg = Release|Any CPU
		{9535832D-A972-41DB-AF5E-98AD7304342F}.Release|Any CPU.Build.0 = Release|Any CPU
		{A75460FD-2F3E-43FF-9758-B869EBFDE68D}.Debug|Any CPU.ActiveCfg = Debug|Any CPU
		{A75460FD-2F3E-43FF-9758-B869EBFDE68D}.Debug|Any CPU.Build.0 = Debug|Any CPU
		{A75460FD-2F3E-43FF-9758-B869EBFDE68D}.Release|Any CPU.ActiveCfg = Release|Any CPU
		{A75460FD-2F3E-43FF-9758-B869EBFDE68D}.Release|Any CPU.Build.0 = Release|Any CPU
		{5DAA4862-FF78-4589-8A6C-C88CAF773567}.Debug|Any CPU.ActiveCfg = Debug|Any CPU
		{5DAA4862-FF78-4589-8A6C-C88CAF773567}.Debug|Any CPU.Build.0 = Debug|Any CPU
		{5DAA4862-FF78-4589-8A6C-C88CAF773567}.Release|Any CPU.ActiveCfg = Release|Any CPU
		{5DAA4862-FF78-4589-8A6C-C88CAF773567}.Release|Any CPU.Build.0 = Release|Any CPU
		{A231770C-556F-4FD0-BC0C-F3D14B683825}.Debug|Any CPU.ActiveCfg = Debug|Any CPU
		{A231770C-556F-4FD0-BC0C-F3D14B683825}.Debug|Any CPU.Build.0 = Debug|Any CPU
		{A231770C-556F-4FD0-BC0C-F3D14B683825}.Release|Any CPU.ActiveCfg = Release|Any CPU
		{A231770C-556F-4FD0-BC0C-F3D14B683825}.Release|Any CPU.Build.0 = Release|Any CPU
		{97F5308D-F3B2-48A2-A73E-9F0D4A50C600}.Debug|Any CPU.ActiveCfg = Debug|Any CPU
		{97F5308D-F3B2-48A2-A73E-9F0D4A50C600}.Debug|Any CPU.Build.0 = Debug|Any CPU
		{97F5308D-F3B2-48A2-A73E-9F0D4A50C600}.Release|Any CPU.ActiveCfg = Release|Any CPU
		{97F5308D-F3B2-48A2-A73E-9F0D4A50C600}.Release|Any CPU.Build.0 = Release|Any CPU
		{CD22EE09-40D1-4C53-87AC-82626ADD7641}.Debug|Any CPU.ActiveCfg = Debug|Any CPU
		{CD22EE09-40D1-4C53-87AC-82626ADD7641}.Debug|Any CPU.Build.0 = Debug|Any CPU
		{CD22EE09-40D1-4C53-87AC-82626ADD7641}.Release|Any CPU.ActiveCfg = Release|Any CPU
		{CD22EE09-40D1-4C53-87AC-82626ADD7641}.Release|Any CPU.Build.0 = Release|Any CPU
		{4A125310-B156-471D-9CAA-AFFD24360B80}.Debug|Any CPU.ActiveCfg = Debug|Any CPU
		{4A125310-B156-471D-9CAA-AFFD24360B80}.Debug|Any CPU.Build.0 = Debug|Any CPU
		{4A125310-B156-471D-9CAA-AFFD24360B80}.Release|Any CPU.ActiveCfg = Release|Any CPU
		{4A125310-B156-471D-9CAA-AFFD24360B80}.Release|Any CPU.Build.0 = Release|Any CPU
		{32C9B6F3-2418-4B75-ACC6-73A062C3F467}.Debug|Any CPU.ActiveCfg = Debug|Any CPU
		{32C9B6F3-2418-4B75-ACC6-73A062C3F467}.Debug|Any CPU.Build.0 = Debug|Any CPU
		{32C9B6F3-2418-4B75-ACC6-73A062C3F467}.Release|Any CPU.ActiveCfg = Release|Any CPU
		{32C9B6F3-2418-4B75-ACC6-73A062C3F467}.Release|Any CPU.Build.0 = Release|Any CPU
		{1106202E-5FEF-4B7D-BC97-3DB35B291451}.Debug|Any CPU.ActiveCfg = Debug|Any CPU
		{1106202E-5FEF-4B7D-BC97-3DB35B291451}.Debug|Any CPU.Build.0 = Debug|Any CPU
		{1106202E-5FEF-4B7D-BC97-3DB35B291451}.Release|Any CPU.ActiveCfg = Release|Any CPU
		{1106202E-5FEF-4B7D-BC97-3DB35B291451}.Release|Any CPU.Build.0 = Release|Any CPU
		{A6831988-0C44-484F-B636-CD3E4E903554}.Debug|Any CPU.ActiveCfg = Debug|Any CPU
		{A6831988-0C44-484F-B636-CD3E4E903554}.Debug|Any CPU.Build.0 = Debug|Any CPU
		{A6831988-0C44-484F-B636-CD3E4E903554}.Release|Any CPU.ActiveCfg = Release|Any CPU
		{A6831988-0C44-484F-B636-CD3E4E903554}.Release|Any CPU.Build.0 = Release|Any CPU
		{A897B9B1-742C-4DB6-8E8D-A1AEFE2A6619}.Debug|Any CPU.ActiveCfg = Debug|Any CPU
		{A897B9B1-742C-4DB6-8E8D-A1AEFE2A6619}.Debug|Any CPU.Build.0 = Debug|Any CPU
		{A897B9B1-742C-4DB6-8E8D-A1AEFE2A6619}.Release|Any CPU.ActiveCfg = Release|Any CPU
		{A897B9B1-742C-4DB6-8E8D-A1AEFE2A6619}.Release|Any CPU.Build.0 = Release|Any CPU
		{20978496-87F0-4839-8A3F-4D5B998DF586}.Debug|Any CPU.ActiveCfg = Debug|Any CPU
		{20978496-87F0-4839-8A3F-4D5B998DF586}.Debug|Any CPU.Build.0 = Debug|Any CPU
		{20978496-87F0-4839-8A3F-4D5B998DF586}.Release|Any CPU.ActiveCfg = Release|Any CPU
		{20978496-87F0-4839-8A3F-4D5B998DF586}.Release|Any CPU.Build.0 = Release|Any CPU
		{100F1EC3-B7E2-4183-AD94-4AE5D398F6D6}.Debug|Any CPU.ActiveCfg = Debug|Any CPU
		{100F1EC3-B7E2-4183-AD94-4AE5D398F6D6}.Debug|Any CPU.Build.0 = Debug|Any CPU
		{100F1EC3-B7E2-4183-AD94-4AE5D398F6D6}.Release|Any CPU.ActiveCfg = Release|Any CPU
		{100F1EC3-B7E2-4183-AD94-4AE5D398F6D6}.Release|Any CPU.Build.0 = Release|Any CPU
		{8208CFB8-E920-4B1B-BB5C-5BEC4AD0D779}.Debug|Any CPU.ActiveCfg = Debug|Any CPU
		{8208CFB8-E920-4B1B-BB5C-5BEC4AD0D779}.Debug|Any CPU.Build.0 = Debug|Any CPU
		{8208CFB8-E920-4B1B-BB5C-5BEC4AD0D779}.Release|Any CPU.ActiveCfg = Release|Any CPU
		{8208CFB8-E920-4B1B-BB5C-5BEC4AD0D779}.Release|Any CPU.Build.0 = Release|Any CPU
		{E51766EB-456B-4952-8DE7-9267723D8737}.Debug|Any CPU.ActiveCfg = Debug|Any CPU
		{E51766EB-456B-4952-8DE7-9267723D8737}.Debug|Any CPU.Build.0 = Debug|Any CPU
		{E51766EB-456B-4952-8DE7-9267723D8737}.Release|Any CPU.ActiveCfg = Release|Any CPU
		{E51766EB-456B-4952-8DE7-9267723D8737}.Release|Any CPU.Build.0 = Release|Any CPU
		{D1E1FD4B-4838-460C-BA0D-46FF96D2EF45}.Debug|Any CPU.ActiveCfg = Debug|Any CPU
		{D1E1FD4B-4838-460C-BA0D-46FF96D2EF45}.Debug|Any CPU.Build.0 = Debug|Any CPU
		{D1E1FD4B-4838-460C-BA0D-46FF96D2EF45}.Release|Any CPU.ActiveCfg = Release|Any CPU
		{D1E1FD4B-4838-460C-BA0D-46FF96D2EF45}.Release|Any CPU.Build.0 = Release|Any CPU
		{02DCD5BE-42B4-4655-8E50-C0A3F1A18E93}.Debug|Any CPU.ActiveCfg = Debug|Any CPU
		{02DCD5BE-42B4-4655-8E50-C0A3F1A18E93}.Debug|Any CPU.Build.0 = Debug|Any CPU
		{02DCD5BE-42B4-4655-8E50-C0A3F1A18E93}.Release|Any CPU.ActiveCfg = Release|Any CPU
		{02DCD5BE-42B4-4655-8E50-C0A3F1A18E93}.Release|Any CPU.Build.0 = Release|Any CPU
		{A608AEA6-B3F1-4C7B-9BD7-0EC923D5DEC4}.Debug|Any CPU.ActiveCfg = Debug|Any CPU
		{A608AEA6-B3F1-4C7B-9BD7-0EC923D5DEC4}.Debug|Any CPU.Build.0 = Debug|Any CPU
		{A608AEA6-B3F1-4C7B-9BD7-0EC923D5DEC4}.Release|Any CPU.ActiveCfg = Release|Any CPU
		{A608AEA6-B3F1-4C7B-9BD7-0EC923D5DEC4}.Release|Any CPU.Build.0 = Release|Any CPU
		{B820C97D-6E2A-4D39-8177-E00B2CDC40DF}.Debug|Any CPU.ActiveCfg = Debug|Any CPU
		{B820C97D-6E2A-4D39-8177-E00B2CDC40DF}.Debug|Any CPU.Build.0 = Debug|Any CPU
		{B820C97D-6E2A-4D39-8177-E00B2CDC40DF}.Release|Any CPU.ActiveCfg = Release|Any CPU
		{B820C97D-6E2A-4D39-8177-E00B2CDC40DF}.Release|Any CPU.Build.0 = Release|Any CPU
		{3D4D9A4A-B4D9-481D-91CC-FE999CCC7F3B}.Debug|Any CPU.ActiveCfg = Debug|Any CPU
		{3D4D9A4A-B4D9-481D-91CC-FE999CCC7F3B}.Debug|Any CPU.Build.0 = Debug|Any CPU
		{3D4D9A4A-B4D9-481D-91CC-FE999CCC7F3B}.Release|Any CPU.ActiveCfg = Release|Any CPU
		{3D4D9A4A-B4D9-481D-91CC-FE999CCC7F3B}.Release|Any CPU.Build.0 = Release|Any CPU
		{E38BA831-2FEA-4CC4-B8D7-F17BB88321C4}.Debug|Any CPU.ActiveCfg = Debug|Any CPU
		{E38BA831-2FEA-4CC4-B8D7-F17BB88321C4}.Debug|Any CPU.Build.0 = Debug|Any CPU
		{E38BA831-2FEA-4CC4-B8D7-F17BB88321C4}.Release|Any CPU.ActiveCfg = Release|Any CPU
		{E38BA831-2FEA-4CC4-B8D7-F17BB88321C4}.Release|Any CPU.Build.0 = Release|Any CPU
		{CA30C53D-8318-4359-AEF4-F78BD0C0162E}.Debug|Any CPU.ActiveCfg = Debug|Any CPU
		{CA30C53D-8318-4359-AEF4-F78BD0C0162E}.Debug|Any CPU.Build.0 = Debug|Any CPU
		{CA30C53D-8318-4359-AEF4-F78BD0C0162E}.Release|Any CPU.ActiveCfg = Release|Any CPU
		{CA30C53D-8318-4359-AEF4-F78BD0C0162E}.Release|Any CPU.Build.0 = Release|Any CPU
		{285AD44F-0652-4970-A2EB-BED956C504DC}.Debug|Any CPU.ActiveCfg = Debug|Any CPU
		{285AD44F-0652-4970-A2EB-BED956C504DC}.Debug|Any CPU.Build.0 = Debug|Any CPU
		{285AD44F-0652-4970-A2EB-BED956C504DC}.Release|Any CPU.ActiveCfg = Release|Any CPU
		{285AD44F-0652-4970-A2EB-BED956C504DC}.Release|Any CPU.Build.0 = Release|Any CPU
		{7F218662-0CDD-41D1-9630-268541744F83}.Debug|Any CPU.ActiveCfg = Debug|Any CPU
		{7F218662-0CDD-41D1-9630-268541744F83}.Debug|Any CPU.Build.0 = Debug|Any CPU
		{7F218662-0CDD-41D1-9630-268541744F83}.Release|Any CPU.ActiveCfg = Release|Any CPU
		{7F218662-0CDD-41D1-9630-268541744F83}.Release|Any CPU.Build.0 = Release|Any CPU
		{A9595B9D-0068-4619-9004-F66133312091}.Debug|Any CPU.ActiveCfg = Debug|Any CPU
		{A9595B9D-0068-4619-9004-F66133312091}.Debug|Any CPU.Build.0 = Debug|Any CPU
		{A9595B9D-0068-4619-9004-F66133312091}.Release|Any CPU.ActiveCfg = Release|Any CPU
		{A9595B9D-0068-4619-9004-F66133312091}.Release|Any CPU.Build.0 = Release|Any CPU
		{E583F532-1691-4772-ACEC-DBBE8083268F}.Debug|Any CPU.ActiveCfg = Debug|Any CPU
		{E583F532-1691-4772-ACEC-DBBE8083268F}.Debug|Any CPU.Build.0 = Debug|Any CPU
		{E583F532-1691-4772-ACEC-DBBE8083268F}.Release|Any CPU.ActiveCfg = Release|Any CPU
		{E583F532-1691-4772-ACEC-DBBE8083268F}.Release|Any CPU.Build.0 = Release|Any CPU
		{B590FFBE-0BE9-49A0-B536-04B37951CB5F}.Debug|Any CPU.ActiveCfg = Debug|Any CPU
		{B590FFBE-0BE9-49A0-B536-04B37951CB5F}.Debug|Any CPU.Build.0 = Debug|Any CPU
		{B590FFBE-0BE9-49A0-B536-04B37951CB5F}.Release|Any CPU.ActiveCfg = Release|Any CPU
		{B590FFBE-0BE9-49A0-B536-04B37951CB5F}.Release|Any CPU.Build.0 = Release|Any CPU
		{F849137F-0D58-466E-9840-17371D7703A4}.Debug|Any CPU.ActiveCfg = Debug|Any CPU
		{F849137F-0D58-466E-9840-17371D7703A4}.Debug|Any CPU.Build.0 = Debug|Any CPU
		{F849137F-0D58-466E-9840-17371D7703A4}.Release|Any CPU.ActiveCfg = Release|Any CPU
		{F849137F-0D58-466E-9840-17371D7703A4}.Release|Any CPU.Build.0 = Release|Any CPU
		{D1030109-DC39-4C43-A3DB-D93B57A14F83}.Debug|Any CPU.ActiveCfg = Debug|Any CPU
		{D1030109-DC39-4C43-A3DB-D93B57A14F83}.Debug|Any CPU.Build.0 = Debug|Any CPU
		{D1030109-DC39-4C43-A3DB-D93B57A14F83}.Release|Any CPU.ActiveCfg = Release|Any CPU
		{D1030109-DC39-4C43-A3DB-D93B57A14F83}.Release|Any CPU.Build.0 = Release|Any CPU
	EndGlobalSection
	GlobalSection(SolutionProperties) = preSolution
		HideSolutionNode = FALSE
	EndGlobalSection
	GlobalSection(NestedProjects) = preSolution
		{BD09C209-69AF-444D-A30E-728A6854B832} = {4B255682-ACFA-47E6-B00B-DB585D6FF3E2}
		{C9C3BF21-70CA-42AB-896C-2C27F37B56A4} = {4B255682-ACFA-47E6-B00B-DB585D6FF3E2}
		{898B27C1-6358-4955-9D4E-D1B47878025E} = {4B255682-ACFA-47E6-B00B-DB585D6FF3E2}
		{DEFC3B0E-7289-4EA8-9F50-3A7D8135E0A9} = {4B255682-ACFA-47E6-B00B-DB585D6FF3E2}
		{B46ACFDF-2703-418E-9AF1-429E38F02F5C} = {4B255682-ACFA-47E6-B00B-DB585D6FF3E2}
		{12F1622D-7F62-4F8A-8DEC-04121EC691D3} = {4B255682-ACFA-47E6-B00B-DB585D6FF3E2}
		{31D25B03-5041-42E6-8A0C-327DCB129BF2} = {4B255682-ACFA-47E6-B00B-DB585D6FF3E2}
		{18559D3A-C80A-4DC0-BEC4-40CE378882E9} = {4B255682-ACFA-47E6-B00B-DB585D6FF3E2}
		{40714736-48E2-4FA4-A5EB-A36629C3569A} = {1B6F1895-606A-49C6-B8A2-D5B67668FA77}
		{B59A2FAE-FA7A-40BC-95B3-4021C232BCBA} = {1B6F1895-606A-49C6-B8A2-D5B67668FA77}
		{94EACD5C-CDF5-4C63-858F-B0731E487770} = {1B6F1895-606A-49C6-B8A2-D5B67668FA77}
		{1636B225-1870-4674-B052-95D0730DB66C} = {1B6F1895-606A-49C6-B8A2-D5B67668FA77}
		{C7296821-2531-4D7E-9E35-87D15B83E90E} = {1B6F1895-606A-49C6-B8A2-D5B67668FA77}
		{957AA943-7CF1-4596-930E-6DC03BB1FBBB} = {1B6F1895-606A-49C6-B8A2-D5B67668FA77}
		{F3E7412F-B2AD-41C9-B8BE-8F0DDF158710} = {1B6F1895-606A-49C6-B8A2-D5B67668FA77}
		{63D3DD3B-F27B-4170-8BAD-06675DCAC4F4} = {1B6F1895-606A-49C6-B8A2-D5B67668FA77}
		{73481037-A4CD-452A-8F05-684502C3EC51} = {1D9F296D-2DD8-4C25-95DE-CB14F46A77A1}
		{DDD241B1-23F8-4A23-AF3E-95A136DCB19A} = {1D9F296D-2DD8-4C25-95DE-CB14F46A77A1}
		{D65D49E1-43F6-4741-B609-D21E54775E18} = {1D9F296D-2DD8-4C25-95DE-CB14F46A77A1}
		{D24902D9-2C86-490C-8DE3-176144AB2D96} = {1D9F296D-2DD8-4C25-95DE-CB14F46A77A1}
		{3225B71C-B004-4D39-BA82-C260ABD8BCCA} = {1D9F296D-2DD8-4C25-95DE-CB14F46A77A1}
		{4878D9AD-008E-4DC0-BADA-F68A401BA0E7} = {1D9F296D-2DD8-4C25-95DE-CB14F46A77A1}
		{3467FCFE-7B58-4AFF-A18F-9591ECF34263} = {1D9F296D-2DD8-4C25-95DE-CB14F46A77A1}
		{8F448E83-68ED-470C-89BA-22D23D77E2F0} = {1D9F296D-2DD8-4C25-95DE-CB14F46A77A1}
		{D4732ED8-F24D-400E-B2E5-C45E7C8C6A17} = {1D9F296D-2DD8-4C25-95DE-CB14F46A77A1}
		{68FB452A-0AF4-4752-B422-A4120D23D996} = {1D9F296D-2DD8-4C25-95DE-CB14F46A77A1}
		{F1506732-8DD4-41C4-A14E-1947021ACB43} = {96FA2727-7E4A-4A16-BBBD-F141FC286AC1}
		{C9F97377-723C-48C1-8B32-98ED197D2065} = {96FA2727-7E4A-4A16-BBBD-F141FC286AC1}
		{2A25BE57-BFC3-4159-BE11-477ED874D78B} = {96FA2727-7E4A-4A16-BBBD-F141FC286AC1}
		{7BB984AE-8807-4EEB-92D9-9F71ECCD5D1C} = {96FA2727-7E4A-4A16-BBBD-F141FC286AC1}
		{906455F2-7533-4A76-BAD7-5967C9722EEF} = {96FA2727-7E4A-4A16-BBBD-F141FC286AC1}
		{BD0E77E1-E30F-476B-ABD8-2A3A09D95FD4} = {96FA2727-7E4A-4A16-BBBD-F141FC286AC1}
		{F7F86FA9-ACE5-40E2-9C41-056E0C68F1DE} = {96FA2727-7E4A-4A16-BBBD-F141FC286AC1}
		{0F191F21-4F53-4FBA-B5A8-6F90185BB0B3} = {96FA2727-7E4A-4A16-BBBD-F141FC286AC1}
		{9535832D-A972-41DB-AF5E-98AD7304342F} = {96FA2727-7E4A-4A16-BBBD-F141FC286AC1}
		{A75460FD-2F3E-43FF-9758-B869EBFDE68D} = {96FA2727-7E4A-4A16-BBBD-F141FC286AC1}
		{5DAA4862-FF78-4589-8A6C-C88CAF773567} = {2C72D089-1379-4741-903F-7AFC38A21363}
		{A231770C-556F-4FD0-BC0C-F3D14B683825} = {2C72D089-1379-4741-903F-7AFC38A21363}
		{97F5308D-F3B2-48A2-A73E-9F0D4A50C600} = {2C72D089-1379-4741-903F-7AFC38A21363}
		{CD22EE09-40D1-4C53-87AC-82626ADD7641} = {2C72D089-1379-4741-903F-7AFC38A21363}
		{4A125310-B156-471D-9CAA-AFFD24360B80} = {2C72D089-1379-4741-903F-7AFC38A21363}
		{32C9B6F3-2418-4B75-ACC6-73A062C3F467} = {2C72D089-1379-4741-903F-7AFC38A21363}
		{1106202E-5FEF-4B7D-BC97-3DB35B291451} = {2C72D089-1379-4741-903F-7AFC38A21363}
		{A6831988-0C44-484F-B636-CD3E4E903554} = {2C72D089-1379-4741-903F-7AFC38A21363}
		{A897B9B1-742C-4DB6-8E8D-A1AEFE2A6619} = {2C72D089-1379-4741-903F-7AFC38A21363}
		{20978496-87F0-4839-8A3F-4D5B998DF586} = {2C72D089-1379-4741-903F-7AFC38A21363}
		{100F1EC3-B7E2-4183-AD94-4AE5D398F6D6} = {2C72D089-1379-4741-903F-7AFC38A21363}
		{8208CFB8-E920-4B1B-BB5C-5BEC4AD0D779} = {26E5ECD8-A740-4F54-AD5D-06D509641A56}
		{E51766EB-456B-4952-8DE7-9267723D8737} = {26E5ECD8-A740-4F54-AD5D-06D509641A56}
		{D1E1FD4B-4838-460C-BA0D-46FF96D2EF45} = {26E5ECD8-A740-4F54-AD5D-06D509641A56}
		{02DCD5BE-42B4-4655-8E50-C0A3F1A18E93} = {26E5ECD8-A740-4F54-AD5D-06D509641A56}
		{A608AEA6-B3F1-4C7B-9BD7-0EC923D5DEC4} = {26E5ECD8-A740-4F54-AD5D-06D509641A56}
		{B820C97D-6E2A-4D39-8177-E00B2CDC40DF} = {26E5ECD8-A740-4F54-AD5D-06D509641A56}
		{3D4D9A4A-B4D9-481D-91CC-FE999CCC7F3B} = {7B22860E-EF68-43D4-B5CB-5D475BFBA375}
		{E38BA831-2FEA-4CC4-B8D7-F17BB88321C4} = {7B22860E-EF68-43D4-B5CB-5D475BFBA375}
		{CA30C53D-8318-4359-AEF4-F78BD0C0162E} = {7B22860E-EF68-43D4-B5CB-5D475BFBA375}
		{285AD44F-0652-4970-A2EB-BED956C504DC} = {7B22860E-EF68-43D4-B5CB-5D475BFBA375}
		{7F218662-0CDD-41D1-9630-268541744F83} = {7B22860E-EF68-43D4-B5CB-5D475BFBA375}
		{A9595B9D-0068-4619-9004-F66133312091} = {7B22860E-EF68-43D4-B5CB-5D475BFBA375}
		{E583F532-1691-4772-ACEC-DBBE8083268F} = {7B22860E-EF68-43D4-B5CB-5D475BFBA375}
		{B590FFBE-0BE9-49A0-B536-04B37951CB5F} = {7B22860E-EF68-43D4-B5CB-5D475BFBA375}
		{F849137F-0D58-466E-9840-17371D7703A4} = {7B22860E-EF68-43D4-B5CB-5D475BFBA375}
		{D1030109-DC39-4C43-A3DB-D93B57A14F83} = {7B22860E-EF68-43D4-B5CB-5D475BFBA375}
	EndGlobalSection
	GlobalSection(ExtensibilityGlobals) = postSolution
		SolutionGuid = {0DB0987C-6126-4A5F-86B5-C41B276386AC}
	EndGlobalSection
EndGlobal
