
Microsoft Visual Studio Solution File, Format Version 12.00
# Visual Studio Version 16
VisualStudioVersion = 16.0.29911.84
MinimumVisualStudioVersion = 10.0.40219.1
Project("{9A19103F-16F7-4668-BE54-9A1E7A4F7556}") = "ExcellentResult", "ExcellentResult\ExcellentResult.csproj", "{BD09C209-69AF-444D-A30E-728A6854B832}"
EndProject
Project("{9A19103F-16F7-4668-BE54-9A1E7A4F7556}") = "GreaterNumber", "GreaterNumber\GreaterNumber.csproj", "{C9C3BF21-70CA-42AB-896C-2C27F37B56A4}"
EndProject
Project("{9A19103F-16F7-4668-BE54-9A1E7A4F7556}") = "EvenOrOdd", "EvenOrOdd\EvenOrOdd.csproj", "{898B27C1-6358-4955-9D4E-D1B47878025E}"
EndProject
Project("{9A19103F-16F7-4668-BE54-9A1E7A4F7556}") = "Number1-9toText", "Number1-9toText\Number1-9toText.csproj", "{DEFC3B0E-7289-4EA8-9F50-3A7D8135E0A9}"
EndProject
Project("{9A19103F-16F7-4668-BE54-9A1E7A4F7556}") = "Number100-200", "Number100-200\Number100-200.csproj", "{B46ACFDF-2703-418E-9AF1-429E38F02F5C}"
EndProject
Project("{9A19103F-16F7-4668-BE54-9A1E7A4F7556}") = "PasswordGuess", "PasswordGuess\PasswordGuess.csproj", "{12F1622D-7F62-4F8A-8DEC-04121EC691D3}"
EndProject
Project("{9A19103F-16F7-4668-BE54-9A1E7A4F7556}") = "AreaOfFigures", "AreaOfFigures\AreaOfFigures.csproj", "{31D25B03-5041-42E6-8A0C-327DCB129BF2}"
EndProject
Project("{9A19103F-16F7-4668-BE54-9A1E7A4F7556}") = "ToyShop", "ToyShop\ToyShop.csproj", "{18559D3A-C80A-4DC0-BEC4-40CE378882E9}"
EndProject
Project("{2150E333-8FDC-42A3-9474-1A3956D46DE8}") = "Docs", "Docs", "{C6229CDD-0BE2-4E8C-B5B5-26CDD2AEDDE4}"
	ProjectSection(SolutionItems) = preProject
		..\..\..\Downloads\03.3 PB-CSharp-Conditional-Statements-Lab.docx = ..\..\..\Downloads\03.3 PB-CSharp-Conditional-Statements-Lab.docx
		..\..\..\Downloads\03.3 PB-CSharp-Nested-Conditional-Statements-Lab.docx = ..\..\..\Downloads\03.3 PB-CSharp-Nested-Conditional-Statements-Lab.docx
		..\..\..\Downloads\03.4 PB-CSharp-Conditional-Statements-Exercise.docx = ..\..\..\Downloads\03.4 PB-CSharp-Conditional-Statements-Exercise.docx
		..\..\..\Downloads\03.4 PB-CSharp-Nested-Conditional-Statements-Еxercise.docx = ..\..\..\Downloads\03.4 PB-CSharp-Nested-Conditional-Statements-Еxercise.docx
	EndProjectSection
EndProject
Project("{9A19103F-16F7-4668-BE54-9A1E7A4F7556}") = "SumSeconds", "SumSeconds\SumSeconds.csproj", "{40714736-48E2-4FA4-A5EB-A36629C3569A}"
EndProject
Project("{9A19103F-16F7-4668-BE54-9A1E7A4F7556}") = "BonusScore", "BonusScore\BonusScore.csproj", "{B59A2FAE-FA7A-40BC-95B3-4021C232BCBA}"
EndProject
Project("{9A19103F-16F7-4668-BE54-9A1E7A4F7556}") = "SpeedInfo", "SpeedInfo\SpeedInfo.csproj", "{94EACD5C-CDF5-4C63-858F-B0731E487770}"
EndProject
Project("{9A19103F-16F7-4668-BE54-9A1E7A4F7556}") = "MetricConverter", "MetricConverter\MetricConverter.csproj", "{1636B225-1870-4674-B052-95D0730DB66C}"
EndProject
Project("{9A19103F-16F7-4668-BE54-9A1E7A4F7556}") = "Time+15Minutes", "Time+15Minutes\Time+15Minutes.csproj", "{C7296821-2531-4D7E-9E35-87D15B83E90E}"
EndProject
Project("{9A19103F-16F7-4668-BE54-9A1E7A4F7556}") = "GodzillaVs.Kong", "GodzillaVs.Kong\GodzillaVs.Kong.csproj", "{957AA943-7CF1-4596-930E-6DC03BB1FBBB}"
EndProject
Project("{9A19103F-16F7-4668-BE54-9A1E7A4F7556}") = "WorldSwimmingRecord", "WorldSwimmingRecord\WorldSwimmingRecord.csproj", "{F3E7412F-B2AD-41C9-B8BE-8F0DDF158710}"
EndProject
Project("{9A19103F-16F7-4668-BE54-9A1E7A4F7556}") = "Scholarship", "Scholarship\Scholarship.csproj", "{63D3DD3B-F27B-4170-8BAD-06675DCAC4F4}"
EndProject
Project("{2150E333-8FDC-42A3-9474-1A3956D46DE8}") = "Exercise8", "Exercise8", "{1B6F1895-606A-49C6-B8A2-D5B67668FA77}"
EndProject
Project("{2150E333-8FDC-42A3-9474-1A3956D46DE8}") = "Exercise7", "Exercise7", "{4B255682-ACFA-47E6-B00B-DB585D6FF3E2}"
EndProject
Project("{2150E333-8FDC-42A3-9474-1A3956D46DE8}") = "Exercise10", "Exercise10", "{1D9F296D-2DD8-4C25-95DE-CB14F46A77A1}"
EndProject
Project("{9A19103F-16F7-4668-BE54-9A1E7A4F7556}") = "DayOfWeek", "DayOfWeek\DayOfWeek.csproj", "{73481037-A4CD-452A-8F05-684502C3EC51}"
EndProject
Project("{9A19103F-16F7-4668-BE54-9A1E7A4F7556}") = "AnimalType", "AnimalType\AnimalType.csproj", "{DDD241B1-23F8-4A23-AF3E-95A136DCB19A}"
EndProject
Project("{9A19103F-16F7-4668-BE54-9A1E7A4F7556}") = "PersonalTitles", "PersonalTitles\PersonalTitles.csproj", "{D65D49E1-43F6-4741-B609-D21E54775E18}"
EndProject
Project("{9A19103F-16F7-4668-BE54-9A1E7A4F7556}") = "SmallShop", "SmallShop\SmallShop.csproj", "{D24902D9-2C86-490C-8DE3-176144AB2D96}"
EndProject
Project("{9A19103F-16F7-4668-BE54-9A1E7A4F7556}") = "NumberInRange", "NumberInRange\NumberInRange.csproj", "{3225B71C-B004-4D39-BA82-C260ABD8BCCA}"
EndProject
Project("{9A19103F-16F7-4668-BE54-9A1E7A4F7556}") = "FruitOrVegetable", "FruitOrVegetable\FruitOrVegetable.csproj", "{4878D9AD-008E-4DC0-BADA-F68A401BA0E7}"
EndProject
Project("{9A19103F-16F7-4668-BE54-9A1E7A4F7556}") = "InvalidNumber", "InvalidNumber\InvalidNumber.csproj", "{3467FCFE-7B58-4AFF-A18F-9591ECF34263}"
EndProject
Project("{9A19103F-16F7-4668-BE54-9A1E7A4F7556}") = "FruitShop", "FruitShop\FruitShop.csproj", "{8F448E83-68ED-470C-89BA-22D23D77E2F0}"
EndProject
Project("{9A19103F-16F7-4668-BE54-9A1E7A4F7556}") = "TradeCommissions", "TradeCommissions\TradeCommissions.csproj", "{D4732ED8-F24D-400E-B2E5-C45E7C8C6A17}"
EndProject
Project("{9A19103F-16F7-4668-BE54-9A1E7A4F7556}") = "SkiTrip", "SkiTrip\SkiTrip.csproj", "{68FB452A-0AF4-4752-B422-A4120D23D996}"
EndProject
Project("{9A19103F-16F7-4668-BE54-9A1E7A4F7556}") = "PointОnRectangleBorder", "PointОnRectangleBorder\PointОnRectangleBorder.csproj", "{F1506732-8DD4-41C4-A14E-1947021ACB43}"
EndProject
Project("{9A19103F-16F7-4668-BE54-9A1E7A4F7556}") = "Cinema", "Cinema\Cinema.csproj", "{C9F97377-723C-48C1-8B32-98ED197D2065}"
EndProject
Project("{FAE04EC0-301F-11D3-BF4B-00C04F79EFBC}") = "SummerOutfit", "SummerOutfit\SummerOutfit.csproj", "{2A25BE57-BFC3-4159-BE11-477ED874D78B}"
EndProject
Project("{FAE04EC0-301F-11D3-BF4B-00C04F79EFBC}") = "NewHouse", "NewHouse\NewHouse.csproj", "{7BB984AE-8807-4EEB-92D9-9F71ECCD5D1C}"
EndProject
Project("{FAE04EC0-301F-11D3-BF4B-00C04F79EFBC}") = "FishingBoat", "FishingBoat\FishingBoat.csproj", "{906455F2-7533-4A76-BAD7-5967C9722EEF}"
EndProject
Project("{FAE04EC0-301F-11D3-BF4B-00C04F79EFBC}") = "Journey", "Journey\Journey.csproj", "{BD0E77E1-E30F-476B-ABD8-2A3A09D95FD4}"
EndProject
Project("{FAE04EC0-301F-11D3-BF4B-00C04F79EFBC}") = "OperationsBetweenNumbers", "OperationsBetweenNumbers\OperationsBetweenNumbers.csproj", "{F7F86FA9-ACE5-40E2-9C41-056E0C68F1DE}"
EndProject
Project("{FAE04EC0-301F-11D3-BF4B-00C04F79EFBC}") = "HotelRoom", "HotelRoom\HotelRoom.csproj", "{0F191F21-4F53-4FBA-B5A8-6F90185BB0B3}"
EndProject
Project("{FAE04EC0-301F-11D3-BF4B-00C04F79EFBC}") = "OnTimeForTheExam", "OnTimeForTheExam\OnTimeForTheExam.csproj", "{9535832D-A972-41DB-AF5E-98AD7304342F}"
EndProject
Project("{FAE04EC0-301F-11D3-BF4B-00C04F79EFBC}") = "Volleyball", "Volleyball\Volleyball.csproj", "{A75460FD-2F3E-43FF-9758-B869EBFDE68D}"
EndProject
Project("{2150E333-8FDC-42A3-9474-1A3956D46DE8}") = "Exercise11", "Exercise11", "{96FA2727-7E4A-4A16-BBBD-F141FC286AC1}"
EndProject
Global
	GlobalSection(SolutionConfigurationPlatforms) = preSolution
		Debug|Any CPU = Debug|Any CPU
		Release|Any CPU = Release|Any CPU
	EndGlobalSection
	GlobalSection(ProjectConfigurationPlatforms) = postSolution
		{BD09C209-69AF-444D-A30E-728A6854B832}.Debug|Any CPU.ActiveCfg = Debug|Any CPU
		{BD09C209-69AF-444D-A30E-728A6854B832}.Debug|Any CPU.Build.0 = Debug|Any CPU
		{BD09C209-69AF-444D-A30E-728A6854B832}.Release|Any CPU.ActiveCfg = Release|Any CPU
		{BD09C209-69AF-444D-A30E-728A6854B832}.Release|Any CPU.Build.0 = Release|Any CPU
		{C9C3BF21-70CA-42AB-896C-2C27F37B56A4}.Debug|Any CPU.ActiveCfg = Debug|Any CPU
		{C9C3BF21-70CA-42AB-896C-2C27F37B56A4}.Debug|Any CPU.Build.0 = Debug|Any CPU
		{C9C3BF21-70CA-42AB-896C-2C27F37B56A4}.Release|Any CPU.ActiveCfg = Release|Any CPU
		{C9C3BF21-70CA-42AB-896C-2C27F37B56A4}.Release|Any CPU.Build.0 = Release|Any CPU
		{898B27C1-6358-4955-9D4E-D1B47878025E}.Debug|Any CPU.ActiveCfg = Debug|Any CPU
		{898B27C1-6358-4955-9D4E-D1B47878025E}.Debug|Any CPU.Build.0 = Debug|Any CPU
		{898B27C1-6358-4955-9D4E-D1B47878025E}.Release|Any CPU.ActiveCfg = Release|Any CPU
		{898B27C1-6358-4955-9D4E-D1B47878025E}.Release|Any CPU.Build.0 = Release|Any CPU
		{DEFC3B0E-7289-4EA8-9F50-3A7D8135E0A9}.Debug|Any CPU.ActiveCfg = Debug|Any CPU
		{DEFC3B0E-7289-4EA8-9F50-3A7D8135E0A9}.Debug|Any CPU.Build.0 = Debug|Any CPU
		{DEFC3B0E-7289-4EA8-9F50-3A7D8135E0A9}.Release|Any CPU.ActiveCfg = Release|Any CPU
		{DEFC3B0E-7289-4EA8-9F50-3A7D8135E0A9}.Release|Any CPU.Build.0 = Release|Any CPU
		{B46ACFDF-2703-418E-9AF1-429E38F02F5C}.Debug|Any CPU.ActiveCfg = Debug|Any CPU
		{B46ACFDF-2703-418E-9AF1-429E38F02F5C}.Debug|Any CPU.Build.0 = Debug|Any CPU
		{B46ACFDF-2703-418E-9AF1-429E38F02F5C}.Release|Any CPU.ActiveCfg = Release|Any CPU
		{B46ACFDF-2703-418E-9AF1-429E38F02F5C}.Release|Any CPU.Build.0 = Release|Any CPU
		{12F1622D-7F62-4F8A-8DEC-04121EC691D3}.Debug|Any CPU.ActiveCfg = Debug|Any CPU
		{12F1622D-7F62-4F8A-8DEC-04121EC691D3}.Debug|Any CPU.Build.0 = Debug|Any CPU
		{12F1622D-7F62-4F8A-8DEC-04121EC691D3}.Release|Any CPU.ActiveCfg = Release|Any CPU
		{12F1622D-7F62-4F8A-8DEC-04121EC691D3}.Release|Any CPU.Build.0 = Release|Any CPU
		{31D25B03-5041-42E6-8A0C-327DCB129BF2}.Debug|Any CPU.ActiveCfg = Debug|Any CPU
		{31D25B03-5041-42E6-8A0C-327DCB129BF2}.Debug|Any CPU.Build.0 = Debug|Any CPU
		{31D25B03-5041-42E6-8A0C-327DCB129BF2}.Release|Any CPU.ActiveCfg = Release|Any CPU
		{31D25B03-5041-42E6-8A0C-327DCB129BF2}.Release|Any CPU.Build.0 = Release|Any CPU
		{18559D3A-C80A-4DC0-BEC4-40CE378882E9}.Debug|Any CPU.ActiveCfg = Debug|Any CPU
		{18559D3A-C80A-4DC0-BEC4-40CE378882E9}.Debug|Any CPU.Build.0 = Debug|Any CPU
		{18559D3A-C80A-4DC0-BEC4-40CE378882E9}.Release|Any CPU.ActiveCfg = Release|Any CPU
		{18559D3A-C80A-4DC0-BEC4-40CE378882E9}.Release|Any CPU.Build.0 = Release|Any CPU
		{40714736-48E2-4FA4-A5EB-A36629C3569A}.Debug|Any CPU.ActiveCfg = Debug|Any CPU
		{40714736-48E2-4FA4-A5EB-A36629C3569A}.Debug|Any CPU.Build.0 = Debug|Any CPU
		{40714736-48E2-4FA4-A5EB-A36629C3569A}.Release|Any CPU.ActiveCfg = Release|Any CPU
		{40714736-48E2-4FA4-A5EB-A36629C3569A}.Release|Any CPU.Build.0 = Release|Any CPU
		{B59A2FAE-FA7A-40BC-95B3-4021C232BCBA}.Debug|Any CPU.ActiveCfg = Debug|Any CPU
		{B59A2FAE-FA7A-40BC-95B3-4021C232BCBA}.Debug|Any CPU.Build.0 = Debug|Any CPU
		{B59A2FAE-FA7A-40BC-95B3-4021C232BCBA}.Release|Any CPU.ActiveCfg = Release|Any CPU
		{B59A2FAE-FA7A-40BC-95B3-4021C232BCBA}.Release|Any CPU.Build.0 = Release|Any CPU
		{94EACD5C-CDF5-4C63-858F-B0731E487770}.Debug|Any CPU.ActiveCfg = Debug|Any CPU
		{94EACD5C-CDF5-4C63-858F-B0731E487770}.Debug|Any CPU.Build.0 = Debug|Any CPU
		{94EACD5C-CDF5-4C63-858F-B0731E487770}.Release|Any CPU.ActiveCfg = Release|Any CPU
		{94EACD5C-CDF5-4C63-858F-B0731E487770}.Release|Any CPU.Build.0 = Release|Any CPU
		{1636B225-1870-4674-B052-95D0730DB66C}.Debug|Any CPU.ActiveCfg = Debug|Any CPU
		{1636B225-1870-4674-B052-95D0730DB66C}.Debug|Any CPU.Build.0 = Debug|Any CPU
		{1636B225-1870-4674-B052-95D0730DB66C}.Release|Any CPU.ActiveCfg = Release|Any CPU
		{1636B225-1870-4674-B052-95D0730DB66C}.Release|Any CPU.Build.0 = Release|Any CPU
		{C7296821-2531-4D7E-9E35-87D15B83E90E}.Debug|Any CPU.ActiveCfg = Debug|Any CPU
		{C7296821-2531-4D7E-9E35-87D15B83E90E}.Debug|Any CPU.Build.0 = Debug|Any CPU
		{C7296821-2531-4D7E-9E35-87D15B83E90E}.Release|Any CPU.ActiveCfg = Release|Any CPU
		{C7296821-2531-4D7E-9E35-87D15B83E90E}.Release|Any CPU.Build.0 = Release|Any CPU
		{957AA943-7CF1-4596-930E-6DC03BB1FBBB}.Debug|Any CPU.ActiveCfg = Debug|Any CPU
		{957AA943-7CF1-4596-930E-6DC03BB1FBBB}.Debug|Any CPU.Build.0 = Debug|Any CPU
		{957AA943-7CF1-4596-930E-6DC03BB1FBBB}.Release|Any CPU.ActiveCfg = Release|Any CPU
		{957AA943-7CF1-4596-930E-6DC03BB1FBBB}.Release|Any CPU.Build.0 = Release|Any CPU
		{F3E7412F-B2AD-41C9-B8BE-8F0DDF158710}.Debug|Any CPU.ActiveCfg = Debug|Any CPU
		{F3E7412F-B2AD-41C9-B8BE-8F0DDF158710}.Debug|Any CPU.Build.0 = Debug|Any CPU
		{F3E7412F-B2AD-41C9-B8BE-8F0DDF158710}.Release|Any CPU.ActiveCfg = Release|Any CPU
		{F3E7412F-B2AD-41C9-B8BE-8F0DDF158710}.Release|Any CPU.Build.0 = Release|Any CPU
		{63D3DD3B-F27B-4170-8BAD-06675DCAC4F4}.Debug|Any CPU.ActiveCfg = Debug|Any CPU
		{63D3DD3B-F27B-4170-8BAD-06675DCAC4F4}.Debug|Any CPU.Build.0 = Debug|Any CPU
		{63D3DD3B-F27B-4170-8BAD-06675DCAC4F4}.Release|Any CPU.ActiveCfg = Release|Any CPU
		{63D3DD3B-F27B-4170-8BAD-06675DCAC4F4}.Release|Any CPU.Build.0 = Release|Any CPU
		{73481037-A4CD-452A-8F05-684502C3EC51}.Debug|Any CPU.ActiveCfg = Debug|Any CPU
		{73481037-A4CD-452A-8F05-684502C3EC51}.Debug|Any CPU.Build.0 = Debug|Any CPU
		{73481037-A4CD-452A-8F05-684502C3EC51}.Release|Any CPU.ActiveCfg = Release|Any CPU
		{73481037-A4CD-452A-8F05-684502C3EC51}.Release|Any CPU.Build.0 = Release|Any CPU
		{DDD241B1-23F8-4A23-AF3E-95A136DCB19A}.Debug|Any CPU.ActiveCfg = Debug|Any CPU
		{DDD241B1-23F8-4A23-AF3E-95A136DCB19A}.Debug|Any CPU.Build.0 = Debug|Any CPU
		{DDD241B1-23F8-4A23-AF3E-95A136DCB19A}.Release|Any CPU.ActiveCfg = Release|Any CPU
		{DDD241B1-23F8-4A23-AF3E-95A136DCB19A}.Release|Any CPU.Build.0 = Release|Any CPU
		{D65D49E1-43F6-4741-B609-D21E54775E18}.Debug|Any CPU.ActiveCfg = Debug|Any CPU
		{D65D49E1-43F6-4741-B609-D21E54775E18}.Debug|Any CPU.Build.0 = Debug|Any CPU
		{D65D49E1-43F6-4741-B609-D21E54775E18}.Release|Any CPU.ActiveCfg = Release|Any CPU
		{D65D49E1-43F6-4741-B609-D21E54775E18}.Release|Any CPU.Build.0 = Release|Any CPU
		{D24902D9-2C86-490C-8DE3-176144AB2D96}.Debug|Any CPU.ActiveCfg = Debug|Any CPU
		{D24902D9-2C86-490C-8DE3-176144AB2D96}.Debug|Any CPU.Build.0 = Debug|Any CPU
		{D24902D9-2C86-490C-8DE3-176144AB2D96}.Release|Any CPU.ActiveCfg = Release|Any CPU
		{D24902D9-2C86-490C-8DE3-176144AB2D96}.Release|Any CPU.Build.0 = Release|Any CPU
		{3225B71C-B004-4D39-BA82-C260ABD8BCCA}.Debug|Any CPU.ActiveCfg = Debug|Any CPU
		{3225B71C-B004-4D39-BA82-C260ABD8BCCA}.Debug|Any CPU.Build.0 = Debug|Any CPU
		{3225B71C-B004-4D39-BA82-C260ABD8BCCA}.Release|Any CPU.ActiveCfg = Release|Any CPU
		{3225B71C-B004-4D39-BA82-C260ABD8BCCA}.Release|Any CPU.Build.0 = Release|Any CPU
		{4878D9AD-008E-4DC0-BADA-F68A401BA0E7}.Debug|Any CPU.ActiveCfg = Debug|Any CPU
		{4878D9AD-008E-4DC0-BADA-F68A401BA0E7}.Debug|Any CPU.Build.0 = Debug|Any CPU
		{4878D9AD-008E-4DC0-BADA-F68A401BA0E7}.Release|Any CPU.ActiveCfg = Release|Any CPU
		{4878D9AD-008E-4DC0-BADA-F68A401BA0E7}.Release|Any CPU.Build.0 = Release|Any CPU
		{3467FCFE-7B58-4AFF-A18F-9591ECF34263}.Debug|Any CPU.ActiveCfg = Debug|Any CPU
		{3467FCFE-7B58-4AFF-A18F-9591ECF34263}.Debug|Any CPU.Build.0 = Debug|Any CPU
		{3467FCFE-7B58-4AFF-A18F-9591ECF34263}.Release|Any CPU.ActiveCfg = Release|Any CPU
		{3467FCFE-7B58-4AFF-A18F-9591ECF34263}.Release|Any CPU.Build.0 = Release|Any CPU
		{8F448E83-68ED-470C-89BA-22D23D77E2F0}.Debug|Any CPU.ActiveCfg = Debug|Any CPU
		{8F448E83-68ED-470C-89BA-22D23D77E2F0}.Debug|Any CPU.Build.0 = Debug|Any CPU
		{8F448E83-68ED-470C-89BA-22D23D77E2F0}.Release|Any CPU.ActiveCfg = Release|Any CPU
		{8F448E83-68ED-470C-89BA-22D23D77E2F0}.Release|Any CPU.Build.0 = Release|Any CPU
		{D4732ED8-F24D-400E-B2E5-C45E7C8C6A17}.Debug|Any CPU.ActiveCfg = Debug|Any CPU
		{D4732ED8-F24D-400E-B2E5-C45E7C8C6A17}.Debug|Any CPU.Build.0 = Debug|Any CPU
		{D4732ED8-F24D-400E-B2E5-C45E7C8C6A17}.Release|Any CPU.ActiveCfg = Release|Any CPU
		{D4732ED8-F24D-400E-B2E5-C45E7C8C6A17}.Release|Any CPU.Build.0 = Release|Any CPU
		{68FB452A-0AF4-4752-B422-A4120D23D996}.Debug|Any CPU.ActiveCfg = Debug|Any CPU
		{68FB452A-0AF4-4752-B422-A4120D23D996}.Debug|Any CPU.Build.0 = Debug|Any CPU
		{68FB452A-0AF4-4752-B422-A4120D23D996}.Release|Any CPU.ActiveCfg = Release|Any CPU
		{68FB452A-0AF4-4752-B422-A4120D23D996}.Release|Any CPU.Build.0 = Release|Any CPU
		{F1506732-8DD4-41C4-A14E-1947021ACB43}.Debug|Any CPU.ActiveCfg = Debug|Any CPU
		{F1506732-8DD4-41C4-A14E-1947021ACB43}.Debug|Any CPU.Build.0 = Debug|Any CPU
		{F1506732-8DD4-41C4-A14E-1947021ACB43}.Release|Any CPU.ActiveCfg = Release|Any CPU
		{F1506732-8DD4-41C4-A14E-1947021ACB43}.Release|Any CPU.Build.0 = Release|Any CPU
		{C9F97377-723C-48C1-8B32-98ED197D2065}.Debug|Any CPU.ActiveCfg = Debug|Any CPU
		{C9F97377-723C-48C1-8B32-98ED197D2065}.Debug|Any CPU.Build.0 = Debug|Any CPU
		{C9F97377-723C-48C1-8B32-98ED197D2065}.Release|Any CPU.ActiveCfg = Release|Any CPU
		{C9F97377-723C-48C1-8B32-98ED197D2065}.Release|Any CPU.Build.0 = Release|Any CPU
		{2A25BE57-BFC3-4159-BE11-477ED874D78B}.Debug|Any CPU.ActiveCfg = Debug|Any CPU
		{2A25BE57-BFC3-4159-BE11-477ED874D78B}.Debug|Any CPU.Build.0 = Debug|Any CPU
		{2A25BE57-BFC3-4159-BE11-477ED874D78B}.Release|Any CPU.ActiveCfg = Release|Any CPU
		{2A25BE57-BFC3-4159-BE11-477ED874D78B}.Release|Any CPU.Build.0 = Release|Any CPU
		{7BB984AE-8807-4EEB-92D9-9F71ECCD5D1C}.Debug|Any CPU.ActiveCfg = Debug|Any CPU
		{7BB984AE-8807-4EEB-92D9-9F71ECCD5D1C}.Debug|Any CPU.Build.0 = Debug|Any CPU
		{7BB984AE-8807-4EEB-92D9-9F71ECCD5D1C}.Release|Any CPU.ActiveCfg = Release|Any CPU
		{7BB984AE-8807-4EEB-92D9-9F71ECCD5D1C}.Release|Any CPU.Build.0 = Release|Any CPU
		{906455F2-7533-4A76-BAD7-5967C9722EEF}.Debug|Any CPU.ActiveCfg = Debug|Any CPU
		{906455F2-7533-4A76-BAD7-5967C9722EEF}.Debug|Any CPU.Build.0 = Debug|Any CPU
		{906455F2-7533-4A76-BAD7-5967C9722EEF}.Release|Any CPU.ActiveCfg = Release|Any CPU
		{906455F2-7533-4A76-BAD7-5967C9722EEF}.Release|Any CPU.Build.0 = Release|Any CPU
		{BD0E77E1-E30F-476B-ABD8-2A3A09D95FD4}.Debug|Any CPU.ActiveCfg = Debug|Any CPU
		{BD0E77E1-E30F-476B-ABD8-2A3A09D95FD4}.Debug|Any CPU.Build.0 = Debug|Any CPU
		{BD0E77E1-E30F-476B-ABD8-2A3A09D95FD4}.Release|Any CPU.ActiveCfg = Release|Any CPU
		{BD0E77E1-E30F-476B-ABD8-2A3A09D95FD4}.Release|Any CPU.Build.0 = Release|Any CPU
		{F7F86FA9-ACE5-40E2-9C41-056E0C68F1DE}.Debug|Any CPU.ActiveCfg = Debug|Any CPU
		{F7F86FA9-ACE5-40E2-9C41-056E0C68F1DE}.Debug|Any CPU.Build.0 = Debug|Any CPU
		{F7F86FA9-ACE5-40E2-9C41-056E0C68F1DE}.Release|Any CPU.ActiveCfg = Release|Any CPU
		{F7F86FA9-ACE5-40E2-9C41-056E0C68F1DE}.Release|Any CPU.Build.0 = Release|Any CPU
		{0F191F21-4F53-4FBA-B5A8-6F90185BB0B3}.Debug|Any CPU.ActiveCfg = Debug|Any CPU
		{0F191F21-4F53-4FBA-B5A8-6F90185BB0B3}.Debug|Any CPU.Build.0 = Debug|Any CPU
		{0F191F21-4F53-4FBA-B5A8-6F90185BB0B3}.Release|Any CPU.ActiveCfg = Release|Any CPU
		{0F191F21-4F53-4FBA-B5A8-6F90185BB0B3}.Release|Any CPU.Build.0 = Release|Any CPU
		{9535832D-A972-41DB-AF5E-98AD7304342F}.Debug|Any CPU.ActiveCfg = Debug|Any CPU
		{9535832D-A972-41DB-AF5E-98AD7304342F}.Debug|Any CPU.Build.0 = Debug|Any CPU
		{9535832D-A972-41DB-AF5E-98AD7304342F}.Release|Any CPU.ActiveCfg = Release|Any CPU
		{9535832D-A972-41DB-AF5E-98AD7304342F}.Release|Any CPU.Build.0 = Release|Any CPU
		{A75460FD-2F3E-43FF-9758-B869EBFDE68D}.Debug|Any CPU.ActiveCfg = Debug|Any CPU
		{A75460FD-2F3E-43FF-9758-B869EBFDE68D}.Debug|Any CPU.Build.0 = Debug|Any CPU
		{A75460FD-2F3E-43FF-9758-B869EBFDE68D}.Release|Any CPU.ActiveCfg = Release|Any CPU
		{A75460FD-2F3E-43FF-9758-B869EBFDE68D}.Release|Any CPU.Build.0 = Release|Any CPU
	EndGlobalSection
	GlobalSection(SolutionProperties) = preSolution
		HideSolutionNode = FALSE
	EndGlobalSection
	GlobalSection(NestedProjects) = preSolution
		{BD09C209-69AF-444D-A30E-728A6854B832} = {4B255682-ACFA-47E6-B00B-DB585D6FF3E2}
		{C9C3BF21-70CA-42AB-896C-2C27F37B56A4} = {4B255682-ACFA-47E6-B00B-DB585D6FF3E2}
		{898B27C1-6358-4955-9D4E-D1B47878025E} = {4B255682-ACFA-47E6-B00B-DB585D6FF3E2}
		{DEFC3B0E-7289-4EA8-9F50-3A7D8135E0A9} = {4B255682-ACFA-47E6-B00B-DB585D6FF3E2}
		{B46ACFDF-2703-418E-9AF1-429E38F02F5C} = {4B255682-ACFA-47E6-B00B-DB585D6FF3E2}
		{12F1622D-7F62-4F8A-8DEC-04121EC691D3} = {4B255682-ACFA-47E6-B00B-DB585D6FF3E2}
		{31D25B03-5041-42E6-8A0C-327DCB129BF2} = {4B255682-ACFA-47E6-B00B-DB585D6FF3E2}
		{18559D3A-C80A-4DC0-BEC4-40CE378882E9} = {4B255682-ACFA-47E6-B00B-DB585D6FF3E2}
		{40714736-48E2-4FA4-A5EB-A36629C3569A} = {1B6F1895-606A-49C6-B8A2-D5B67668FA77}
		{B59A2FAE-FA7A-40BC-95B3-4021C232BCBA} = {1B6F1895-606A-49C6-B8A2-D5B67668FA77}
		{94EACD5C-CDF5-4C63-858F-B0731E487770} = {1B6F1895-606A-49C6-B8A2-D5B67668FA77}
		{1636B225-1870-4674-B052-95D0730DB66C} = {1B6F1895-606A-49C6-B8A2-D5B67668FA77}
		{C7296821-2531-4D7E-9E35-87D15B83E90E} = {1B6F1895-606A-49C6-B8A2-D5B67668FA77}
		{957AA943-7CF1-4596-930E-6DC03BB1FBBB} = {1B6F1895-606A-49C6-B8A2-D5B67668FA77}
		{F3E7412F-B2AD-41C9-B8BE-8F0DDF158710} = {1B6F1895-606A-49C6-B8A2-D5B67668FA77}
		{63D3DD3B-F27B-4170-8BAD-06675DCAC4F4} = {1B6F1895-606A-49C6-B8A2-D5B67668FA77}
		{73481037-A4CD-452A-8F05-684502C3EC51} = {1D9F296D-2DD8-4C25-95DE-CB14F46A77A1}
		{DDD241B1-23F8-4A23-AF3E-95A136DCB19A} = {1D9F296D-2DD8-4C25-95DE-CB14F46A77A1}
		{D65D49E1-43F6-4741-B609-D21E54775E18} = {1D9F296D-2DD8-4C25-95DE-CB14F46A77A1}
		{D24902D9-2C86-490C-8DE3-176144AB2D96} = {1D9F296D-2DD8-4C25-95DE-CB14F46A77A1}
		{3225B71C-B004-4D39-BA82-C260ABD8BCCA} = {1D9F296D-2DD8-4C25-95DE-CB14F46A77A1}
		{4878D9AD-008E-4DC0-BADA-F68A401BA0E7} = {1D9F296D-2DD8-4C25-95DE-CB14F46A77A1}
		{3467FCFE-7B58-4AFF-A18F-9591ECF34263} = {1D9F296D-2DD8-4C25-95DE-CB14F46A77A1}
		{8F448E83-68ED-470C-89BA-22D23D77E2F0} = {1D9F296D-2DD8-4C25-95DE-CB14F46A77A1}
		{D4732ED8-F24D-400E-B2E5-C45E7C8C6A17} = {1D9F296D-2DD8-4C25-95DE-CB14F46A77A1}
		{68FB452A-0AF4-4752-B422-A4120D23D996} = {1D9F296D-2DD8-4C25-95DE-CB14F46A77A1}
		{F1506732-8DD4-41C4-A14E-1947021ACB43} = {96FA2727-7E4A-4A16-BBBD-F141FC286AC1}
		{C9F97377-723C-48C1-8B32-98ED197D2065} = {96FA2727-7E4A-4A16-BBBD-F141FC286AC1}
		{2A25BE57-BFC3-4159-BE11-477ED874D78B} = {96FA2727-7E4A-4A16-BBBD-F141FC286AC1}
		{7BB984AE-8807-4EEB-92D9-9F71ECCD5D1C} = {96FA2727-7E4A-4A16-BBBD-F141FC286AC1}
		{906455F2-7533-4A76-BAD7-5967C9722EEF} = {96FA2727-7E4A-4A16-BBBD-F141FC286AC1}
		{BD0E77E1-E30F-476B-ABD8-2A3A09D95FD4} = {96FA2727-7E4A-4A16-BBBD-F141FC286AC1}
		{F7F86FA9-ACE5-40E2-9C41-056E0C68F1DE} = {96FA2727-7E4A-4A16-BBBD-F141FC286AC1}
		{0F191F21-4F53-4FBA-B5A8-6F90185BB0B3} = {96FA2727-7E4A-4A16-BBBD-F141FC286AC1}
		{9535832D-A972-41DB-AF5E-98AD7304342F} = {96FA2727-7E4A-4A16-BBBD-F141FC286AC1}
		{A75460FD-2F3E-43FF-9758-B869EBFDE68D} = {96FA2727-7E4A-4A16-BBBD-F141FC286AC1}
	EndGlobalSection
	GlobalSection(ExtensibilityGlobals) = postSolution
		SolutionGuid = {0DB0987C-6126-4A5F-86B5-C41B276386AC}
	EndGlobalSection
EndGlobal
